
Microsoft Visual Studio Solution File, Format Version 12.00
# Visual Studio Version 17
VisualStudioVersion = 17.4.33403.182
MinimumVisualStudioVersion = 10.0.40219.1
Project("{FAE04EC0-301F-11D3-BF4B-00C04F79EFBC}") = "WindowsFormsApp15", "WindowsFormsApp15.csproj", "{626235DE-0DB3-46A7-969B-9E92F3069A18}"
EndProject
Global
	GlobalSection(SolutionConfigurationPlatforms) = preSolution
		Debug|Any CPU = Debug|Any CPU
		Release|Any CPU = Release|Any CPU
	EndGlobalSection
	GlobalSection(ProjectConfigurationPlatforms) = postSolution
		{626235DE-0DB3-46A7-969B-9E92F3069A18}.Debug|Any CPU.ActiveCfg = Debug|Any CPU
		{626235DE-0DB3-46A7-969B-9E92F3069A18}.Debug|Any CPU.Build.0 = Debug|Any CPU
		{626235DE-0DB3-46A7-969B-9E92F3069A18}.Release|Any CPU.ActiveCfg = Release|Any CPU
		{626235DE-0DB3-46A7-969B-9E92F3069A18}.Release|Any CPU.Build.0 = Release|Any CPU
	EndGlobalSection
	GlobalSection(SolutionProperties) = preSolution
		HideSolutionNode = FALSE
	EndGlobalSection
	GlobalSection(ExtensibilityGlobals) = postSolution
		SolutionGuid = {E7C8CF2E-47FE-41E2-9259-A89100210597}
	EndGlobalSection
EndGlobal
